
Microsoft Visual Studio Solution File, Format Version 12.00
# Visual Studio Version 17
VisualStudioVersion = 17.9.34728.123
MinimumVisualStudioVersion = 10.0.40219.1
Project("{FAE04EC0-301F-11D3-BF4B-00C04F79EFBC}") = "Array2", "Array2\Array2.csproj", "{6E03ECFA-2156-45DC-9FD0-BBEAF5FCB7A9}"
EndProject
Global
	GlobalSection(SolutionConfigurationPlatforms) = preSolution
		Debug|Any CPU = Debug|Any CPU
		Release|Any CPU = Release|Any CPU
	EndGlobalSection
	GlobalSection(ProjectConfigurationPlatforms) = postSolution
		{6E03ECFA-2156-45DC-9FD0-BBEAF5FCB7A9}.Debug|Any CPU.ActiveCfg = Debug|Any CPU
		{6E03ECFA-2156-45DC-9FD0-BBEAF5FCB7A9}.Debug|Any CPU.Build.0 = Debug|Any CPU
		{6E03ECFA-2156-45DC-9FD0-BBEAF5FCB7A9}.Release|Any CPU.ActiveCfg = Release|Any CPU
		{6E03ECFA-2156-45DC-9FD0-BBEAF5FCB7A9}.Release|Any CPU.Build.0 = Release|Any CPU
	EndGlobalSection
	GlobalSection(SolutionProperties) = preSolution
		HideSolutionNode = FALSE
	EndGlobalSection
	GlobalSection(ExtensibilityGlobals) = postSolution
		SolutionGuid = {174546E5-89E6-4F3A-8FDD-50FC1F5BE4B9}
	EndGlobalSection
EndGlobal
